// !$*UTF8*$!
{
	archiveVersion = 1;
	classes = {
	};
	objectVersion = 50;
	objects = {

/* Begin PBXBuildFile section */
		EE04866C25FB97F900BF37A1 /* ListViewModel.swift in Sources */ = {isa = PBXBuildFile; fileRef = EE04866B25FB97F900BF37A1 /* ListViewModel.swift */; };
		EE04867825FBAA7000BF37A1 /* ChuckWorker.swift in Sources */ = {isa = PBXBuildFile; fileRef = EE04867725FBAA7000BF37A1 /* ChuckWorker.swift */; };
		EE5A8DBB25FB686F00A7CCA7 /* AppDelegate.swift in Sources */ = {isa = PBXBuildFile; fileRef = EE5A8DBA25FB686F00A7CCA7 /* AppDelegate.swift */; };
		EE5A8DBD25FB686F00A7CCA7 /* SceneDelegate.swift in Sources */ = {isa = PBXBuildFile; fileRef = EE5A8DBC25FB686F00A7CCA7 /* SceneDelegate.swift */; };
		EE5A8DBF25FB686F00A7CCA7 /* ListViewController.swift in Sources */ = {isa = PBXBuildFile; fileRef = EE5A8DBE25FB686F00A7CCA7 /* ListViewController.swift */; };
		EE5A8DC425FB687100A7CCA7 /* Assets.xcassets in Resources */ = {isa = PBXBuildFile; fileRef = EE5A8DC325FB687100A7CCA7 /* Assets.xcassets */; };
		EE5A8DC725FB687100A7CCA7 /* LaunchScreen.storyboard in Resources */ = {isa = PBXBuildFile; fileRef = EE5A8DC525FB687100A7CCA7 /* LaunchScreen.storyboard */; };
		EE5A8DD025FB6BEC00A7CCA7 /* ChuckService.swift in Sources */ = {isa = PBXBuildFile; fileRef = EE5A8DCF25FB6BEC00A7CCA7 /* ChuckService.swift */; };
		EE5A8DD425FB6CE500A7CCA7 /* ChuckJoke.swift in Sources */ = {isa = PBXBuildFile; fileRef = EE5A8DD325FB6CE500A7CCA7 /* ChuckJoke.swift */; };
/* End PBXBuildFile section */

/* Begin PBXFileReference section */
		EE04866B25FB97F900BF37A1 /* ListViewModel.swift */ = {isa = PBXFileReference; lastKnownFileType = sourcecode.swift; path = ListViewModel.swift; sourceTree = "<group>"; };
		EE04867625FBA5D000BF37A1 /* README.md */ = {isa = PBXFileReference; lastKnownFileType = net.daringfireball.markdown; path = README.md; sourceTree = "<group>"; };
		EE04867725FBAA7000BF37A1 /* ChuckWorker.swift */ = {isa = PBXFileReference; lastKnownFileType = sourcecode.swift; path = ChuckWorker.swift; sourceTree = "<group>"; };
		EE5A8DB725FB686F00A7CCA7 /* ios-app.app */ = {isa = PBXFileReference; explicitFileType = wrapper.application; includeInIndex = 0; path = "ios-app.app"; sourceTree = BUILT_PRODUCTS_DIR; };
		EE5A8DBA25FB686F00A7CCA7 /* AppDelegate.swift */ = {isa = PBXFileReference; lastKnownFileType = sourcecode.swift; path = AppDelegate.swift; sourceTree = "<group>"; };
		EE5A8DBC25FB686F00A7CCA7 /* SceneDelegate.swift */ = {isa = PBXFileReference; lastKnownFileType = sourcecode.swift; path = SceneDelegate.swift; sourceTree = "<group>"; };
		EE5A8DBE25FB686F00A7CCA7 /* ListViewController.swift */ = {isa = PBXFileReference; lastKnownFileType = sourcecode.swift; path = ListViewController.swift; sourceTree = "<group>"; };
		EE5A8DC325FB687100A7CCA7 /* Assets.xcassets */ = {isa = PBXFileReference; lastKnownFileType = folder.assetcatalog; path = Assets.xcassets; sourceTree = "<group>"; };
		EE5A8DC625FB687100A7CCA7 /* Base */ = {isa = PBXFileReference; lastKnownFileType = file.storyboard; name = Base; path = Base.lproj/LaunchScreen.storyboard; sourceTree = "<group>"; };
		EE5A8DC825FB687100A7CCA7 /* Info.plist */ = {isa = PBXFileReference; lastKnownFileType = text.plist.xml; path = Info.plist; sourceTree = "<group>"; };
		EE5A8DCF25FB6BEC00A7CCA7 /* ChuckService.swift */ = {isa = PBXFileReference; lastKnownFileType = sourcecode.swift; path = ChuckService.swift; sourceTree = "<group>"; };
		EE5A8DD325FB6CE500A7CCA7 /* ChuckJoke.swift */ = {isa = PBXFileReference; lastKnownFileType = sourcecode.swift; path = ChuckJoke.swift; sourceTree = "<group>"; };
/* End PBXFileReference section */

/* Begin PBXFrameworksBuildPhase section */
		EE5A8DB425FB686F00A7CCA7 /* Frameworks */ = {
			isa = PBXFrameworksBuildPhase;
			buildActionMask = 2147483647;
			files = (
			);
			runOnlyForDeploymentPostprocessing = 0;
		};
/* End PBXFrameworksBuildPhase section */

/* Begin PBXGroup section */
		EE04866925FB815400BF37A1 /* JokeList */ = {
			isa = PBXGroup;
			children = (
				EE5A8DBE25FB686F00A7CCA7 /* ListViewController.swift */,
				EE04866B25FB97F900BF37A1 /* ListViewModel.swift */,
			);
			path = JokeList;
			sourceTree = "<group>";
		};
		EE5A8DAE25FB686F00A7CCA7 = {
			isa = PBXGroup;
			children = (
				EE04867625FBA5D000BF37A1 /* README.md */,
				EE5A8DB925FB686F00A7CCA7 /* ios-app */,
				EE5A8DB825FB686F00A7CCA7 /* Products */,
			);
			sourceTree = "<group>";
		};
		EE5A8DB825FB686F00A7CCA7 /* Products */ = {
			isa = PBXGroup;
			children = (
				EE5A8DB725FB686F00A7CCA7 /* ios-app.app */,
			);
			name = Products;
			sourceTree = "<group>";
		};
		EE5A8DB925FB686F00A7CCA7 /* ios-app */ = {
			isa = PBXGroup;
			children = (
				EE04866925FB815400BF37A1 /* JokeList */,
				EE5A8DD225FB6BF100A7CCA7 /* Service */,
				EE5A8DBA25FB686F00A7CCA7 /* AppDelegate.swift */,
				EE5A8DBC25FB686F00A7CCA7 /* SceneDelegate.swift */,
				EE5A8DC325FB687100A7CCA7 /* Assets.xcassets */,
				EE5A8DC525FB687100A7CCA7 /* LaunchScreen.storyboard */,
				EE5A8DC825FB687100A7CCA7 /* Info.plist */,
			);
			path = "ios-app";
			sourceTree = "<group>";
		};
		EE5A8DD225FB6BF100A7CCA7 /* Service */ = {
			isa = PBXGroup;
			children = (
				EE5A8DD325FB6CE500A7CCA7 /* ChuckJoke.swift */,
				EE5A8DCF25FB6BEC00A7CCA7 /* ChuckService.swift */,
				EE04867725FBAA7000BF37A1 /* ChuckWorker.swift */,
			);
			path = Service;
			sourceTree = "<group>";
		};
/* End PBXGroup section */

/* Begin PBXNativeTarget section */
		EE5A8DB625FB686F00A7CCA7 /* ios-app */ = {
			isa = PBXNativeTarget;
			buildConfigurationList = EE5A8DCB25FB687100A7CCA7 /* Build configuration list for PBXNativeTarget "ios-app" */;
			buildPhases = (
				EE5A8DB325FB686F00A7CCA7 /* Sources */,
				EE5A8DB425FB686F00A7CCA7 /* Frameworks */,
				EE5A8DB525FB686F00A7CCA7 /* Resources */,
			);
			buildRules = (
			);
			dependencies = (
			);
			name = "ios-app";
			productName = "ios-app";
			productReference = EE5A8DB725FB686F00A7CCA7 /* ios-app.app */;
			productType = "com.apple.product-type.application";
		};
/* End PBXNativeTarget section */

/* Begin PBXProject section */
		EE5A8DAF25FB686F00A7CCA7 /* Project object */ = {
			isa = PBXProject;
			attributes = {
				LastSwiftUpdateCheck = 1240;
				LastUpgradeCheck = 1240;
				TargetAttributes = {
					EE5A8DB625FB686F00A7CCA7 = {
						CreatedOnToolsVersion = 12.4;
					};
				};
			};
			buildConfigurationList = EE5A8DB225FB686F00A7CCA7 /* Build configuration list for PBXProject "ios-app" */;
			compatibilityVersion = "Xcode 9.3";
			developmentRegion = en;
			hasScannedForEncodings = 0;
			knownRegions = (
				en,
				Base,
			);
			mainGroup = EE5A8DAE25FB686F00A7CCA7;
			productRefGroup = EE5A8DB825FB686F00A7CCA7 /* Products */;
			projectDirPath = "";
			projectRoot = "";
			targets = (
				EE5A8DB625FB686F00A7CCA7 /* ios-app */,
			);
		};
/* End PBXProject section */

/* Begin PBXResourcesBuildPhase section */
		EE5A8DB525FB686F00A7CCA7 /* Resources */ = {
			isa = PBXResourcesBuildPhase;
			buildActionMask = 2147483647;
			files = (
				EE5A8DC725FB687100A7CCA7 /* LaunchScreen.storyboard in Resources */,
				EE5A8DC425FB687100A7CCA7 /* Assets.xcassets in Resources */,
			);
			runOnlyForDeploymentPostprocessing = 0;
		};
/* End PBXResourcesBuildPhase section */

/* Begin PBXSourcesBuildPhase section */
		EE5A8DB325FB686F00A7CCA7 /* Sources */ = {
			isa = PBXSourcesBuildPhase;
			buildActionMask = 2147483647;
			files = (
				EE04867825FBAA7000BF37A1 /* ChuckWorker.swift in Sources */,
				EE5A8DD025FB6BEC00A7CCA7 /* ChuckService.swift in Sources */,
				EE5A8DBF25FB686F00A7CCA7 /* ListViewController.swift in Sources */,
				EE04866C25FB97F900BF37A1 /* ListViewModel.swift in Sources */,
				EE5A8DBB25FB686F00A7CCA7 /* AppDelegate.swift in Sources */,
				EE5A8DD425FB6CE500A7CCA7 /* ChuckJoke.swift in Sources */,
				EE5A8DBD25FB686F00A7CCA7 /* SceneDelegate.swift in Sources */,
			);
			runOnlyForDeploymentPostprocessing = 0;
		};
/* End PBXSourcesBuildPhase section */

/* Begin PBXVariantGroup section */
		EE5A8DC525FB687100A7CCA7 /* LaunchScreen.storyboard */ = {
			isa = PBXVariantGroup;
			children = (
				EE5A8DC625FB687100A7CCA7 /* Base */,
			);
			name = LaunchScreen.storyboard;
			sourceTree = "<group>";
		};
/* End PBXVariantGroup section */

/* Begin XCBuildConfiguration section */
		EE5A8DC925FB687100A7CCA7 /* Debug */ = {
			isa = XCBuildConfiguration;
			buildSettings = {
				ALWAYS_SEARCH_USER_PATHS = NO;
				CLANG_ANALYZER_NONNULL = YES;
				CLANG_ANALYZER_NUMBER_OBJECT_CONVERSION = YES_AGGRESSIVE;
				CLANG_CXX_LANGUAGE_STANDARD = "gnu++14";
				CLANG_CXX_LIBRARY = "libc++";
				CLANG_ENABLE_MODULES = YES;
				CLANG_ENABLE_OBJC_ARC = YES;
				CLANG_ENABLE_OBJC_WEAK = YES;
				CLANG_WARN_BLOCK_CAPTURE_AUTORELEASING = YES;
				CLANG_WARN_BOOL_CONVERSION = YES;
				CLANG_WARN_COMMA = YES;
				CLANG_WARN_CONSTANT_CONVERSION = YES;
				CLANG_WARN_DEPRECATED_OBJC_IMPLEMENTATIONS = YES;
				CLANG_WARN_DIRECT_OBJC_ISA_USAGE = YES_ERROR;
				CLANG_WARN_DOCUMENTATION_COMMENTS = YES;
				CLANG_WARN_EMPTY_BODY = YES;
				CLANG_WARN_ENUM_CONVERSION = YES;
				CLANG_WARN_INFINITE_RECURSION = YES;
				CLANG_WARN_INT_CONVERSION = YES;
				CLANG_WARN_NON_LITERAL_NULL_CONVERSION = YES;
				CLANG_WARN_OBJC_IMPLICIT_RETAIN_SELF = YES;
				CLANG_WARN_OBJC_LITERAL_CONVERSION = YES;
				CLANG_WARN_OBJC_ROOT_CLASS = YES_ERROR;
				CLANG_WARN_QUOTED_INCLUDE_IN_FRAMEWORK_HEADER = YES;
				CLANG_WARN_RANGE_LOOP_ANALYSIS = YES;
				CLANG_WARN_STRICT_PROTOTYPES = YES;
				CLANG_WARN_SUSPICIOUS_MOVE = YES;
				CLANG_WARN_UNGUARDED_AVAILABILITY = YES_AGGRESSIVE;
				CLANG_WARN_UNREACHABLE_CODE = YES;
				CLANG_WARN__DUPLICATE_METHOD_MATCH = YES;
				COPY_PHASE_STRIP = NO;
				DEBUG_INFORMATION_FORMAT = dwarf;
				ENABLE_STRICT_OBJC_MSGSEND = YES;
				ENABLE_TESTABILITY = YES;
				GCC_C_LANGUAGE_STANDARD = gnu11;
				GCC_DYNAMIC_NO_PIC = NO;
				GCC_NO_COMMON_BLOCKS = YES;
				GCC_OPTIMIZATION_LEVEL = 0;
				GCC_PREPROCESSOR_DEFINITIONS = (
					"DEBUG=1",
					"$(inherited)",
				);
				GCC_WARN_64_TO_32_BIT_CONVERSION = YES;
				GCC_WARN_ABOUT_RETURN_TYPE = YES_ERROR;
				GCC_WARN_UNDECLARED_SELECTOR = YES;
				GCC_WARN_UNINITIALIZED_AUTOS = YES_AGGRESSIVE;
				GCC_WARN_UNUSED_FUNCTION = YES;
				GCC_WARN_UNUSED_VARIABLE = YES;
				IPHONEOS_DEPLOYMENT_TARGET = 14.4;
				MTL_ENABLE_DEBUG_INFO = INCLUDE_SOURCE;
				MTL_FAST_MATH = YES;
				ONLY_ACTIVE_ARCH = YES;
				SDKROOT = iphoneos;
				SWIFT_ACTIVE_COMPILATION_CONDITIONS = DEBUG;
				SWIFT_OPTIMIZATION_LEVEL = "-Onone";
			};
			name = Debug;
		};
		EE5A8DCA25FB687100A7CCA7 /* Release */ = {
			isa = XCBuildConfiguration;
			buildSettings = {
				ALWAYS_SEARCH_USER_PATHS = NO;
				CLANG_ANALYZER_NONNULL = YES;
				CLANG_ANALYZER_NUMBER_OBJECT_CONVERSION = YES_AGGRESSIVE;
				CLANG_CXX_LANGUAGE_STANDARD = "gnu++14";
				CLANG_CXX_LIBRARY = "libc++";
				CLANG_ENABLE_MODULES = YES;
				CLANG_ENABLE_OBJC_ARC = YES;
				CLANG_ENABLE_OBJC_WEAK = YES;
				CLANG_WARN_BLOCK_CAPTURE_AUTORELEASING = YES;
				CLANG_WARN_BOOL_CONVERSION = YES;
				CLANG_WARN_COMMA = YES;
				CLANG_WARN_CONSTANT_CONVERSION = YES;
				CLANG_WARN_DEPRECATED_OBJC_IMPLEMENTATIONS = YES;
				CLANG_WARN_DIRECT_OBJC_ISA_USAGE = YES_ERROR;
				CLANG_WARN_DOCUMENTATION_COMMENTS = YES;
				CLANG_WARN_EMPTY_BODY = YES;
				CLANG_WARN_ENUM_CONVERSION = YES;
				CLANG_WARN_INFINITE_RECURSION = YES;
				CLANG_WARN_INT_CONVERSION = YES;
				CLANG_WARN_NON_LITERAL_NULL_CONVERSION = YES;
				CLANG_WARN_OBJC_IMPLICIT_RETAIN_SELF = YES;
				CLANG_WARN_OBJC_LITERAL_CONVERSION = YES;
				CLANG_WARN_OBJC_ROOT_CLASS = YES_ERROR;
				CLANG_WARN_QUOTED_INCLUDE_IN_FRAMEWORK_HEADER = YES;
				CLANG_WARN_RANGE_LOOP_ANALYSIS = YES;
				CLANG_WARN_STRICT_PROTOTYPES = YES;
				CLANG_WARN_SUSPICIOUS_MOVE = YES;
				CLANG_WARN_UNGUARDED_AVAILABILITY = YES_AGGRESSIVE;
				CLANG_WARN_UNREACHABLE_CODE = YES;
				CLANG_WARN__DUPLICATE_METHOD_MATCH = YES;
				COPY_PHASE_STRIP = NO;
				DEBUG_INFORMATION_FORMAT = "dwarf-with-dsym";
				ENABLE_NS_ASSERTIONS = NO;
				ENABLE_STRICT_OBJC_MSGSEND = YES;
				GCC_C_LANGUAGE_STANDARD = gnu11;
				GCC_NO_COMMON_BLOCKS = YES;
				GCC_WARN_64_TO_32_BIT_CONVERSION = YES;
				GCC_WARN_ABOUT_RETURN_TYPE = YES_ERROR;
				GCC_WARN_UNDECLARED_SELECTOR = YES;
				GCC_WARN_UNINITIALIZED_AUTOS = YES_AGGRESSIVE;
				GCC_WARN_UNUSED_FUNCTION = YES;
				GCC_WARN_UNUSED_VARIABLE = YES;
				IPHONEOS_DEPLOYMENT_TARGET = 14.4;
				MTL_ENABLE_DEBUG_INFO = NO;
				MTL_FAST_MATH = YES;
				SDKROOT = iphoneos;
				SWIFT_COMPILATION_MODE = wholemodule;
				SWIFT_OPTIMIZATION_LEVEL = "-O";
				VALIDATE_PRODUCT = YES;
			};
			name = Release;
		};
		EE5A8DCC25FB687100A7CCA7 /* Debug */ = {
			isa = XCBuildConfiguration;
			buildSettings = {
				ASSETCATALOG_COMPILER_APPICON_NAME = AppIcon;
				ASSETCATALOG_COMPILER_GLOBAL_ACCENT_COLOR_NAME = AccentColor;
				CODE_SIGN_STYLE = Automatic;
				DEVELOPMENT_TEAM = 3PJL6N7ZC7;
				INFOPLIST_FILE = "ios-app/Info.plist";
				LD_RUNPATH_SEARCH_PATHS = (
					"$(inherited)",
					"@executable_path/Frameworks",
				);
				PRODUCT_BUNDLE_IDENTIFIER = "se.imaginareal.ios-app";
				PRODUCT_NAME = "$(TARGET_NAME)";
				SWIFT_VERSION = 5.0;
				TARGETED_DEVICE_FAMILY = "1,2";
			};
			name = Debug;
		};
		EE5A8DCD25FB687100A7CCA7 /* Release */ = {
			isa = XCBuildConfiguration;
			buildSettings = {
				ASSETCATALOG_COMPILER_APPICON_NAME = AppIcon;
				ASSETCATALOG_COMPILER_GLOBAL_ACCENT_COLOR_NAME = AccentColor;
				CODE_SIGN_STYLE = Automatic;
				DEVELOPMENT_TEAM = 3PJL6N7ZC7;
				INFOPLIST_FILE = "ios-app/Info.plist";
				LD_RUNPATH_SEARCH_PATHS = (
					"$(inherited)",
					"@executable_path/Frameworks",
				);
				PRODUCT_BUNDLE_IDENTIFIER = "se.imaginareal.ios-app";
				PRODUCT_NAME = "$(TARGET_NAME)";
				SWIFT_VERSION = 5.0;
				TARGETED_DEVICE_FAMILY = "1,2";
			};
			name = Release;
		};
/* End XCBuildConfiguration section */

/* Begin XCConfigurationList section */
		EE5A8DB225FB686F00A7CCA7 /* Build configuration list for PBXProject "ios-app" */ = {
			isa = XCConfigurationList;
			buildConfigurations = (
				EE5A8DC925FB687100A7CCA7 /* Debug */,
				EE5A8DCA25FB687100A7CCA7 /* Release */,
			);
			defaultConfigurationIsVisible = 0;
			defaultConfigurationName = Release;
		};
		EE5A8DCB25FB687100A7CCA7 /* Build configuration list for PBXNativeTarget "ios-app" */ = {
			isa = XCConfigurationList;
			buildConfigurations = (
				EE5A8DCC25FB687100A7CCA7 /* Debug */,
				EE5A8DCD25FB687100A7CCA7 /* Release */,
			);
			defaultConfigurationIsVisible = 0;
			defaultConfigurationName = Release;
		};
/* End XCConfigurationList section */
	};
	rootObject = EE5A8DAF25FB686F00A7CCA7 /* Project object */;
}
